
Microsoft Visual Studio Solution File, Format Version 12.00
# Visual Studio Version 16
VisualStudioVersion = 16.0.32228.343
MinimumVisualStudioVersion = 10.0.40219.1
Project("{FAE04EC0-301F-11D3-BF4B-00C04F79EFBC}") = "PROYECTO1_ED1", "PROYECTO1_ED1.csproj", "{AC5DFF01-098E-4A04-942E-F506625E6C73}"
EndProject
Global
	GlobalSection(SolutionConfigurationPlatforms) = preSolution
		Debug|Any CPU = Debug|Any CPU
		Release|Any CPU = Release|Any CPU
	EndGlobalSection
	GlobalSection(ProjectConfigurationPlatforms) = postSolution
		{AC5DFF01-098E-4A04-942E-F506625E6C73}.Debug|Any CPU.ActiveCfg = Debug|Any CPU
		{AC5DFF01-098E-4A04-942E-F506625E6C73}.Debug|Any CPU.Build.0 = Debug|Any CPU
		{AC5DFF01-098E-4A04-942E-F506625E6C73}.Release|Any CPU.ActiveCfg = Release|Any CPU
		{AC5DFF01-098E-4A04-942E-F506625E6C73}.Release|Any CPU.Build.0 = Release|Any CPU
	EndGlobalSection
	GlobalSection(SolutionProperties) = preSolution
		HideSolutionNode = FALSE
	EndGlobalSection
	GlobalSection(ExtensibilityGlobals) = postSolution
		SolutionGuid = {0F5734D9-96C2-4F5A-840C-464998B55B36}
	EndGlobalSection
EndGlobal
